
Microsoft Visual Studio Solution File, Format Version 12.00
# Visual Studio Version 17
VisualStudioVersion = 17.6.33723.286
MinimumVisualStudioVersion = 10.0.40219.1
Project("{FAE04EC0-301F-11D3-BF4B-00C04F79EFBC}") = "ChallengeApp_Formula1", "ChallengeApp_Formula1\ChallengeApp_Formula1.csproj", "{BFD0212B-AB2D-4D4C-981F-8F692816383B}"
EndProject
Global
	GlobalSection(SolutionConfigurationPlatforms) = preSolution
		Debug|Any CPU = Debug|Any CPU
		Release|Any CPU = Release|Any CPU
	EndGlobalSection
	GlobalSection(ProjectConfigurationPlatforms) = postSolution
		{BFD0212B-AB2D-4D4C-981F-8F692816383B}.Debug|Any CPU.ActiveCfg = Debug|Any CPU
		{BFD0212B-AB2D-4D4C-981F-8F692816383B}.Debug|Any CPU.Build.0 = Debug|Any CPU
		{BFD0212B-AB2D-4D4C-981F-8F692816383B}.Release|Any CPU.ActiveCfg = Release|Any CPU
		{BFD0212B-AB2D-4D4C-981F-8F692816383B}.Release|Any CPU.Build.0 = Release|Any CPU
	EndGlobalSection
	GlobalSection(SolutionProperties) = preSolution
		HideSolutionNode = FALSE
	EndGlobalSection
	GlobalSection(ExtensibilityGlobals) = postSolution
		SolutionGuid = {817B1A8B-82E2-4E39-A203-C9666C91769F}
	EndGlobalSection
EndGlobal
